{
  "name": "What-To-Eat",
  "lockfileVersion": 3,
  "requires": true,
  "packages": {
    "": {
      "dependencies": {
        "hono": "^4.6.18"
      }
    },
    "node_modules/hono": {
      "version": "4.6.18",
      "resolved": "https://registry.npmjs.org/hono/-/hono-4.6.18.tgz",
      "integrity": "sha512-Fu7hEPvdwtPG8LqSAiPn8p8HjD+PDxrP/HVnwRBnwtVKOn5zDDKsw0ma2Xt58oq97Rlp3t/mRNADEV/Ym6cDng==",
      "license": "MIT",
      "engines": {
        "node": ">=16.9.0"
      }
    }
  }
}
